// !$*UTF8*$!
{
	archiveVersion = 1;
	classes = {
	};
	objectVersion = 56;
	objects = {

/* Begin PBXBuildFile section */
		1B221F6629BD501800B7F51C /* conection_genericApp.swift in Sources */ = {isa = PBXBuildFile; fileRef = 1B221F6529BD501800B7F51C /* conection_genericApp.swift */; };
		1B221F6829BD501800B7F51C /* ContentView.swift in Sources */ = {isa = PBXBuildFile; fileRef = 1B221F6729BD501800B7F51C /* ContentView.swift */; };
		1B221F6A29BD501B00B7F51C /* Assets.xcassets in Resources */ = {isa = PBXBuildFile; fileRef = 1B221F6929BD501B00B7F51C /* Assets.xcassets */; };
		1B221F6D29BD501B00B7F51C /* Preview Assets.xcassets in Resources */ = {isa = PBXBuildFile; fileRef = 1B221F6C29BD501B00B7F51C /* Preview Assets.xcassets */; };
		1B221F7429BD5D4300B7F51C /* ContentViewModel.swift in Sources */ = {isa = PBXBuildFile; fileRef = 1B221F7329BD5D4300B7F51C /* ContentViewModel.swift */; };
		1B221F7729BD61ED00B7F51C /* NetworkHandler.swift in Sources */ = {isa = PBXBuildFile; fileRef = 1B221F7629BD61ED00B7F51C /* NetworkHandler.swift */; };
		1B221F7B29BD6C8E00B7F51C /* ApiConfigProtocol.swift in Sources */ = {isa = PBXBuildFile; fileRef = 1B221F7A29BD6C8E00B7F51C /* ApiConfigProtocol.swift */; };
		1B221F8029BD75EE00B7F51C /* PokemonListResponse.swift in Sources */ = {isa = PBXBuildFile; fileRef = 1B221F7E29BD75EE00B7F51C /* PokemonListResponse.swift */; };
		1B221F8229BD7F4D00B7F51C /* NetworkService.swift in Sources */ = {isa = PBXBuildFile; fileRef = 1B221F8129BD7F4D00B7F51C /* NetworkService.swift */; };
		1B221F8529BDF8A700B7F51C /* ResponseProtocol.swift in Sources */ = {isa = PBXBuildFile; fileRef = 1B221F8429BDF8A700B7F51C /* ResponseProtocol.swift */; };
		1B221F8829BDFA0900B7F51C /* NetworkConstants.swift in Sources */ = {isa = PBXBuildFile; fileRef = 1B221F8729BDFA0900B7F51C /* NetworkConstants.swift */; };
		1B221F8B29BDFA4D00B7F51C /* RequestMethod.swift in Sources */ = {isa = PBXBuildFile; fileRef = 1B221F8A29BDFA4D00B7F51C /* RequestMethod.swift */; };
		1B221F9329BE240800B7F51C /* Result.swift in Sources */ = {isa = PBXBuildFile; fileRef = 1B221F9229BE240800B7F51C /* Result.swift */; };
		1B221F9629BE26B800B7F51C /* NetworkError.swift in Sources */ = {isa = PBXBuildFile; fileRef = 1B221F9529BE26B700B7F51C /* NetworkError.swift */; };
		1B221F9929BE307A00B7F51C /* ConfigPokemonApi.swift in Sources */ = {isa = PBXBuildFile; fileRef = 1B221F9829BE307A00B7F51C /* ConfigPokemonApi.swift */; };
		1B221F9F29BF6E1E00B7F51C /* APIError.swift in Sources */ = {isa = PBXBuildFile; fileRef = 1B221F9E29BF6E1E00B7F51C /* APIError.swift */; };
		1B221FA129BF6E5B00B7F51C /* HTTPStatus.swift in Sources */ = {isa = PBXBuildFile; fileRef = 1B221FA029BF6E5B00B7F51C /* HTTPStatus.swift */; };
		1B221FA429BF6EA000B7F51C /* ErrorExt.swift in Sources */ = {isa = PBXBuildFile; fileRef = 1B221FA329BF6EA000B7F51C /* ErrorExt.swift */; };
		1B221FA629BF6F4400B7F51C /* ServiceError.swift in Sources */ = {isa = PBXBuildFile; fileRef = 1B221FA529BF6F4400B7F51C /* ServiceError.swift */; };
		1B221FA929BF7CA800B7F51C /* HandleResponse.swift in Sources */ = {isa = PBXBuildFile; fileRef = 1B221FA829BF7CA800B7F51C /* HandleResponse.swift */; };
		1B221FAC29BF841100B7F51C /* NetworkLogger.swift in Sources */ = {isa = PBXBuildFile; fileRef = 1B221FAB29BF841100B7F51C /* NetworkLogger.swift */; };
/* End PBXBuildFile section */

/* Begin PBXFileReference section */
		1B221F6229BD501800B7F51C /* conection-generic.app */ = {isa = PBXFileReference; explicitFileType = wrapper.application; includeInIndex = 0; path = "conection-generic.app"; sourceTree = BUILT_PRODUCTS_DIR; };
		1B221F6529BD501800B7F51C /* conection_genericApp.swift */ = {isa = PBXFileReference; lastKnownFileType = sourcecode.swift; path = conection_genericApp.swift; sourceTree = "<group>"; };
		1B221F6729BD501800B7F51C /* ContentView.swift */ = {isa = PBXFileReference; lastKnownFileType = sourcecode.swift; path = ContentView.swift; sourceTree = "<group>"; };
		1B221F6929BD501B00B7F51C /* Assets.xcassets */ = {isa = PBXFileReference; lastKnownFileType = folder.assetcatalog; path = Assets.xcassets; sourceTree = "<group>"; };
		1B221F6C29BD501B00B7F51C /* Preview Assets.xcassets */ = {isa = PBXFileReference; lastKnownFileType = folder.assetcatalog; path = "Preview Assets.xcassets"; sourceTree = "<group>"; };
		1B221F7329BD5D4300B7F51C /* ContentViewModel.swift */ = {isa = PBXFileReference; lastKnownFileType = sourcecode.swift; path = ContentViewModel.swift; sourceTree = "<group>"; };
		1B221F7629BD61ED00B7F51C /* NetworkHandler.swift */ = {isa = PBXFileReference; lastKnownFileType = sourcecode.swift; path = NetworkHandler.swift; sourceTree = "<group>"; };
		1B221F7A29BD6C8E00B7F51C /* ApiConfigProtocol.swift */ = {isa = PBXFileReference; lastKnownFileType = sourcecode.swift; path = ApiConfigProtocol.swift; sourceTree = "<group>"; };
		1B221F7E29BD75EE00B7F51C /* PokemonListResponse.swift */ = {isa = PBXFileReference; fileEncoding = 4; lastKnownFileType = sourcecode.swift; path = PokemonListResponse.swift; sourceTree = "<group>"; };
		1B221F8129BD7F4D00B7F51C /* NetworkService.swift */ = {isa = PBXFileReference; lastKnownFileType = sourcecode.swift; path = NetworkService.swift; sourceTree = "<group>"; };
		1B221F8429BDF8A700B7F51C /* ResponseProtocol.swift */ = {isa = PBXFileReference; lastKnownFileType = sourcecode.swift; path = ResponseProtocol.swift; sourceTree = "<group>"; };
		1B221F8729BDFA0900B7F51C /* NetworkConstants.swift */ = {isa = PBXFileReference; lastKnownFileType = sourcecode.swift; path = NetworkConstants.swift; sourceTree = "<group>"; };
		1B221F8A29BDFA4D00B7F51C /* RequestMethod.swift */ = {isa = PBXFileReference; lastKnownFileType = sourcecode.swift; path = RequestMethod.swift; sourceTree = "<group>"; };
		1B221F9229BE240800B7F51C /* Result.swift */ = {isa = PBXFileReference; lastKnownFileType = sourcecode.swift; path = Result.swift; sourceTree = "<group>"; };
		1B221F9529BE26B700B7F51C /* NetworkError.swift */ = {isa = PBXFileReference; lastKnownFileType = sourcecode.swift; path = NetworkError.swift; sourceTree = "<group>"; };
		1B221F9829BE307A00B7F51C /* ConfigPokemonApi.swift */ = {isa = PBXFileReference; lastKnownFileType = sourcecode.swift; path = ConfigPokemonApi.swift; sourceTree = "<group>"; };
		1B221F9E29BF6E1E00B7F51C /* APIError.swift */ = {isa = PBXFileReference; lastKnownFileType = sourcecode.swift; path = APIError.swift; sourceTree = "<group>"; };
		1B221FA029BF6E5B00B7F51C /* HTTPStatus.swift */ = {isa = PBXFileReference; lastKnownFileType = sourcecode.swift; path = HTTPStatus.swift; sourceTree = "<group>"; };
		1B221FA329BF6EA000B7F51C /* ErrorExt.swift */ = {isa = PBXFileReference; lastKnownFileType = sourcecode.swift; path = ErrorExt.swift; sourceTree = "<group>"; };
		1B221FA529BF6F4400B7F51C /* ServiceError.swift */ = {isa = PBXFileReference; lastKnownFileType = sourcecode.swift; path = ServiceError.swift; sourceTree = "<group>"; };
		1B221FA829BF7CA800B7F51C /* HandleResponse.swift */ = {isa = PBXFileReference; lastKnownFileType = sourcecode.swift; path = HandleResponse.swift; sourceTree = "<group>"; };
		1B221FAB29BF841100B7F51C /* NetworkLogger.swift */ = {isa = PBXFileReference; lastKnownFileType = sourcecode.swift; path = NetworkLogger.swift; sourceTree = "<group>"; };
		1B221FE429BF920000B7F51C /* README.md */ = {isa = PBXFileReference; lastKnownFileType = net.daringfireball.markdown; path = README.md; sourceTree = "<group>"; };
/* End PBXFileReference section */

/* Begin PBXFrameworksBuildPhase section */
		1B221F5F29BD501800B7F51C /* Frameworks */ = {
			isa = PBXFrameworksBuildPhase;
			buildActionMask = 2147483647;
			files = (
			);
			runOnlyForDeploymentPostprocessing = 0;
		};
/* End PBXFrameworksBuildPhase section */

/* Begin PBXGroup section */
		1B221F5929BD501800B7F51C = {
			isa = PBXGroup;
			children = (
				1B221FE429BF920000B7F51C /* README.md */,
				1B221F6429BD501800B7F51C /* conection-generic */,
				1B221F6329BD501800B7F51C /* Products */,
			);
			sourceTree = "<group>";
		};
		1B221F6329BD501800B7F51C /* Products */ = {
			isa = PBXGroup;
			children = (
				1B221F6229BD501800B7F51C /* conection-generic.app */,
			);
			name = Products;
			sourceTree = "<group>";
		};
		1B221F6429BD501800B7F51C /* conection-generic */ = {
			isa = PBXGroup;
			children = (
				1B221F9129BE23E500B7F51C /* Core */,
				1B221F9729BE306600B7F51C /* Network */,
				1B221F7C29BD75EE00B7F51C /* Models */,
				1B221F6529BD501800B7F51C /* conection_genericApp.swift */,
				1B221F7329BD5D4300B7F51C /* ContentViewModel.swift */,
				1B221F6729BD501800B7F51C /* ContentView.swift */,
				1B221F6929BD501B00B7F51C /* Assets.xcassets */,
				1B221F6B29BD501B00B7F51C /* Preview Content */,
			);
			path = "conection-generic";
			sourceTree = "<group>";
		};
		1B221F6B29BD501B00B7F51C /* Preview Content */ = {
			isa = PBXGroup;
			children = (
				1B221F6C29BD501B00B7F51C /* Preview Assets.xcassets */,
			);
			path = "Preview Content";
			sourceTree = "<group>";
		};
		1B221F7C29BD75EE00B7F51C /* Models */ = {
			isa = PBXGroup;
			children = (
				1B221F7E29BD75EE00B7F51C /* PokemonListResponse.swift */,
			);
			path = Models;
			sourceTree = "<group>";
		};
		1B221F8329BDF7FE00B7F51C /* Construct */ = {
			isa = PBXGroup;
			children = (
				1B221F7A29BD6C8E00B7F51C /* ApiConfigProtocol.swift */,
				1B221F8429BDF8A700B7F51C /* ResponseProtocol.swift */,
			);
			path = Construct;
			sourceTree = "<group>";
		};
		1B221F8629BDF9DD00B7F51C /* Constants */ = {
			isa = PBXGroup;
			children = (
				1B221F8729BDFA0900B7F51C /* NetworkConstants.swift */,
			);
			path = Constants;
			sourceTree = "<group>";
		};
		1B221F8929BDFA3900B7F51C /* Enuns */ = {
			isa = PBXGroup;
			children = (
				1B221F8A29BDFA4D00B7F51C /* RequestMethod.swift */,
				1B221F9E29BF6E1E00B7F51C /* APIError.swift */,
				1B221FA029BF6E5B00B7F51C /* HTTPStatus.swift */,
			);
			path = Enuns;
			sourceTree = "<group>";
		};
		1B221F9129BE23E500B7F51C /* Core */ = {
			isa = PBXGroup;
			children = (
				1B221FAA29BF840500B7F51C /* Logger */,
				1B221FA729BF7C9200B7F51C /* Handlers */,
				1B221FA229BF6E7700B7F51C /* Externsions */,
				1B221F9D29BEAF9C00B7F51C /* Results */,
				1B221F9429BE26A900B7F51C /* Errors */,
				1B221F8329BDF7FE00B7F51C /* Construct */,
				1B221F8629BDF9DD00B7F51C /* Constants */,
				1B221F8929BDFA3900B7F51C /* Enuns */,
				1B221F7629BD61ED00B7F51C /* NetworkHandler.swift */,
				1B221F8129BD7F4D00B7F51C /* NetworkService.swift */,
			);
			path = Core;
			sourceTree = "<group>";
		};
		1B221F9429BE26A900B7F51C /* Errors */ = {
			isa = PBXGroup;
			children = (
				1B221FA529BF6F4400B7F51C /* ServiceError.swift */,
				1B221F9529BE26B700B7F51C /* NetworkError.swift */,
			);
			path = Errors;
			sourceTree = "<group>";
		};
		1B221F9729BE306600B7F51C /* Network */ = {
			isa = PBXGroup;
			children = (
				1B221F9829BE307A00B7F51C /* ConfigPokemonApi.swift */,
			);
			path = Network;
			sourceTree = "<group>";
		};
		1B221F9D29BEAF9C00B7F51C /* Results */ = {
			isa = PBXGroup;
			children = (
				1B221F9229BE240800B7F51C /* Result.swift */,
			);
			path = Results;
			sourceTree = "<group>";
		};
		1B221FA229BF6E7700B7F51C /* Externsions */ = {
			isa = PBXGroup;
			children = (
				1B221FA329BF6EA000B7F51C /* ErrorExt.swift */,
			);
			path = Externsions;
			sourceTree = "<group>";
		};
		1B221FA729BF7C9200B7F51C /* Handlers */ = {
			isa = PBXGroup;
			children = (
				1B221FA829BF7CA800B7F51C /* HandleResponse.swift */,
			);
			path = Handlers;
			sourceTree = "<group>";
		};
		1B221FAA29BF840500B7F51C /* Logger */ = {
			isa = PBXGroup;
			children = (
				1B221FAB29BF841100B7F51C /* NetworkLogger.swift */,
			);
			path = Logger;
			sourceTree = "<group>";
		};
/* End PBXGroup section */

/* Begin PBXNativeTarget section */
		1B221F6129BD501800B7F51C /* conection-generic */ = {
			isa = PBXNativeTarget;
			buildConfigurationList = 1B221F7029BD501B00B7F51C /* Build configuration list for PBXNativeTarget "conection-generic" */;
			buildPhases = (
				1B221F5E29BD501800B7F51C /* Sources */,
				1B221F5F29BD501800B7F51C /* Frameworks */,
				1B221F6029BD501800B7F51C /* Resources */,
			);
			buildRules = (
			);
			dependencies = (
			);
			name = "conection-generic";
			productName = "conection-generic";
			productReference = 1B221F6229BD501800B7F51C /* conection-generic.app */;
			productType = "com.apple.product-type.application";
		};
/* End PBXNativeTarget section */

/* Begin PBXProject section */
		1B221F5A29BD501800B7F51C /* Project object */ = {
			isa = PBXProject;
			attributes = {
				BuildIndependentTargetsInParallel = 1;
				LastSwiftUpdateCheck = 1420;
				LastUpgradeCheck = 1420;
				TargetAttributes = {
					1B221F6129BD501800B7F51C = {
						CreatedOnToolsVersion = 14.2;
					};
				};
			};
			buildConfigurationList = 1B221F5D29BD501800B7F51C /* Build configuration list for PBXProject "conection-generic" */;
			compatibilityVersion = "Xcode 14.0";
			developmentRegion = en;
			hasScannedForEncodings = 0;
			knownRegions = (
				en,
				Base,
			);
			mainGroup = 1B221F5929BD501800B7F51C;
			productRefGroup = 1B221F6329BD501800B7F51C /* Products */;
			projectDirPath = "";
			projectRoot = "";
			targets = (
				1B221F6129BD501800B7F51C /* conection-generic */,
			);
		};
/* End PBXProject section */

/* Begin PBXResourcesBuildPhase section */
		1B221F6029BD501800B7F51C /* Resources */ = {
			isa = PBXResourcesBuildPhase;
			buildActionMask = 2147483647;
			files = (
				1B221F6D29BD501B00B7F51C /* Preview Assets.xcassets in Resources */,
				1B221F6A29BD501B00B7F51C /* Assets.xcassets in Resources */,
			);
			runOnlyForDeploymentPostprocessing = 0;
		};
/* End PBXResourcesBuildPhase section */

/* Begin PBXSourcesBuildPhase section */
		1B221F5E29BD501800B7F51C /* Sources */ = {
			isa = PBXSourcesBuildPhase;
			buildActionMask = 2147483647;
			files = (
				1B221F9629BE26B800B7F51C /* NetworkError.swift in Sources */,
				1B221F9929BE307A00B7F51C /* ConfigPokemonApi.swift in Sources */,
				1B221F7429BD5D4300B7F51C /* ContentViewModel.swift in Sources */,
				1B221F7729BD61ED00B7F51C /* NetworkHandler.swift in Sources */,
				1B221FA429BF6EA000B7F51C /* ErrorExt.swift in Sources */,
				1B221F8B29BDFA4D00B7F51C /* RequestMethod.swift in Sources */,
				1B221F9329BE240800B7F51C /* Result.swift in Sources */,
				1B221F7B29BD6C8E00B7F51C /* ApiConfigProtocol.swift in Sources */,
				1B221FA629BF6F4400B7F51C /* ServiceError.swift in Sources */,
				1B221FAC29BF841100B7F51C /* NetworkLogger.swift in Sources */,
				1B221F6829BD501800B7F51C /* ContentView.swift in Sources */,
				1B221F6629BD501800B7F51C /* conection_genericApp.swift in Sources */,
				1B221F8829BDFA0900B7F51C /* NetworkConstants.swift in Sources */,
				1B221FA929BF7CA800B7F51C /* HandleResponse.swift in Sources */,
				1B221F8029BD75EE00B7F51C /* PokemonListResponse.swift in Sources */,
				1B221F8229BD7F4D00B7F51C /* NetworkService.swift in Sources */,
				1B221F8529BDF8A700B7F51C /* ResponseProtocol.swift in Sources */,
				1B221F9F29BF6E1E00B7F51C /* APIError.swift in Sources */,
				1B221FA129BF6E5B00B7F51C /* HTTPStatus.swift in Sources */,
			);
			runOnlyForDeploymentPostprocessing = 0;
		};
/* End PBXSourcesBuildPhase section */

/* Begin XCBuildConfiguration section */
		1B221F6E29BD501B00B7F51C /* Debug */ = {
			isa = XCBuildConfiguration;
			buildSettings = {
				ALWAYS_SEARCH_USER_PATHS = NO;
				CLANG_ANALYZER_NONNULL = YES;
				CLANG_ANALYZER_NUMBER_OBJECT_CONVERSION = YES_AGGRESSIVE;
				CLANG_CXX_LANGUAGE_STANDARD = "gnu++20";
				CLANG_ENABLE_MODULES = YES;
				CLANG_ENABLE_OBJC_ARC = YES;
				CLANG_ENABLE_OBJC_WEAK = YES;
				CLANG_WARN_BLOCK_CAPTURE_AUTORELEASING = YES;
				CLANG_WARN_BOOL_CONVERSION = YES;
				CLANG_WARN_COMMA = YES;
				CLANG_WARN_CONSTANT_CONVERSION = YES;
				CLANG_WARN_DEPRECATED_OBJC_IMPLEMENTATIONS = YES;
				CLANG_WARN_DIRECT_OBJC_ISA_USAGE = YES_ERROR;
				CLANG_WARN_DOCUMENTATION_COMMENTS = YES;
				CLANG_WARN_EMPTY_BODY = YES;
				CLANG_WARN_ENUM_CONVERSION = YES;
				CLANG_WARN_INFINITE_RECURSION = YES;
				CLANG_WARN_INT_CONVERSION = YES;
				CLANG_WARN_NON_LITERAL_NULL_CONVERSION = YES;
				CLANG_WARN_OBJC_IMPLICIT_RETAIN_SELF = YES;
				CLANG_WARN_OBJC_LITERAL_CONVERSION = YES;
				CLANG_WARN_OBJC_ROOT_CLASS = YES_ERROR;
				CLANG_WARN_QUOTED_INCLUDE_IN_FRAMEWORK_HEADER = YES;
				CLANG_WARN_RANGE_LOOP_ANALYSIS = YES;
				CLANG_WARN_STRICT_PROTOTYPES = YES;
				CLANG_WARN_SUSPICIOUS_MOVE = YES;
				CLANG_WARN_UNGUARDED_AVAILABILITY = YES_AGGRESSIVE;
				CLANG_WARN_UNREACHABLE_CODE = YES;
				CLANG_WARN__DUPLICATE_METHOD_MATCH = YES;
				COPY_PHASE_STRIP = NO;
				DEBUG_INFORMATION_FORMAT = dwarf;
				ENABLE_STRICT_OBJC_MSGSEND = YES;
				ENABLE_TESTABILITY = YES;
				GCC_C_LANGUAGE_STANDARD = gnu11;
				GCC_DYNAMIC_NO_PIC = NO;
				GCC_NO_COMMON_BLOCKS = YES;
				GCC_OPTIMIZATION_LEVEL = 0;
				GCC_PREPROCESSOR_DEFINITIONS = (
					"DEBUG=1",
					"$(inherited)",
				);
				GCC_WARN_64_TO_32_BIT_CONVERSION = YES;
				GCC_WARN_ABOUT_RETURN_TYPE = YES_ERROR;
				GCC_WARN_UNDECLARED_SELECTOR = YES;
				GCC_WARN_UNINITIALIZED_AUTOS = YES_AGGRESSIVE;
				GCC_WARN_UNUSED_FUNCTION = YES;
				GCC_WARN_UNUSED_VARIABLE = YES;
				IPHONEOS_DEPLOYMENT_TARGET = 16.2;
				MTL_ENABLE_DEBUG_INFO = INCLUDE_SOURCE;
				MTL_FAST_MATH = YES;
				ONLY_ACTIVE_ARCH = YES;
				SDKROOT = iphoneos;
				SWIFT_ACTIVE_COMPILATION_CONDITIONS = DEBUG;
				SWIFT_OPTIMIZATION_LEVEL = "-Onone";
			};
			name = Debug;
		};
		1B221F6F29BD501B00B7F51C /* Release */ = {
			isa = XCBuildConfiguration;
			buildSettings = {
				ALWAYS_SEARCH_USER_PATHS = NO;
				CLANG_ANALYZER_NONNULL = YES;
				CLANG_ANALYZER_NUMBER_OBJECT_CONVERSION = YES_AGGRESSIVE;
				CLANG_CXX_LANGUAGE_STANDARD = "gnu++20";
				CLANG_ENABLE_MODULES = YES;
				CLANG_ENABLE_OBJC_ARC = YES;
				CLANG_ENABLE_OBJC_WEAK = YES;
				CLANG_WARN_BLOCK_CAPTURE_AUTORELEASING = YES;
				CLANG_WARN_BOOL_CONVERSION = YES;
				CLANG_WARN_COMMA = YES;
				CLANG_WARN_CONSTANT_CONVERSION = YES;
				CLANG_WARN_DEPRECATED_OBJC_IMPLEMENTATIONS = YES;
				CLANG_WARN_DIRECT_OBJC_ISA_USAGE = YES_ERROR;
				CLANG_WARN_DOCUMENTATION_COMMENTS = YES;
				CLANG_WARN_EMPTY_BODY = YES;
				CLANG_WARN_ENUM_CONVERSION = YES;
				CLANG_WARN_INFINITE_RECURSION = YES;
				CLANG_WARN_INT_CONVERSION = YES;
				CLANG_WARN_NON_LITERAL_NULL_CONVERSION = YES;
				CLANG_WARN_OBJC_IMPLICIT_RETAIN_SELF = YES;
				CLANG_WARN_OBJC_LITERAL_CONVERSION = YES;
				CLANG_WARN_OBJC_ROOT_CLASS = YES_ERROR;
				CLANG_WARN_QUOTED_INCLUDE_IN_FRAMEWORK_HEADER = YES;
				CLANG_WARN_RANGE_LOOP_ANALYSIS = YES;
				CLANG_WARN_STRICT_PROTOTYPES = YES;
				CLANG_WARN_SUSPICIOUS_MOVE = YES;
				CLANG_WARN_UNGUARDED_AVAILABILITY = YES_AGGRESSIVE;
				CLANG_WARN_UNREACHABLE_CODE = YES;
				CLANG_WARN__DUPLICATE_METHOD_MATCH = YES;
				COPY_PHASE_STRIP = NO;
				DEBUG_INFORMATION_FORMAT = "dwarf-with-dsym";
				ENABLE_NS_ASSERTIONS = NO;
				ENABLE_STRICT_OBJC_MSGSEND = YES;
				GCC_C_LANGUAGE_STANDARD = gnu11;
				GCC_NO_COMMON_BLOCKS = YES;
				GCC_WARN_64_TO_32_BIT_CONVERSION = YES;
				GCC_WARN_ABOUT_RETURN_TYPE = YES_ERROR;
				GCC_WARN_UNDECLARED_SELECTOR = YES;
				GCC_WARN_UNINITIALIZED_AUTOS = YES_AGGRESSIVE;
				GCC_WARN_UNUSED_FUNCTION = YES;
				GCC_WARN_UNUSED_VARIABLE = YES;
				IPHONEOS_DEPLOYMENT_TARGET = 16.2;
				MTL_ENABLE_DEBUG_INFO = NO;
				MTL_FAST_MATH = YES;
				SDKROOT = iphoneos;
				SWIFT_COMPILATION_MODE = wholemodule;
				SWIFT_OPTIMIZATION_LEVEL = "-O";
				VALIDATE_PRODUCT = YES;
			};
			name = Release;
		};
		1B221F7129BD501B00B7F51C /* Debug */ = {
			isa = XCBuildConfiguration;
			buildSettings = {
				ASSETCATALOG_COMPILER_APPICON_NAME = AppIcon;
				ASSETCATALOG_COMPILER_GLOBAL_ACCENT_COLOR_NAME = AccentColor;
				CODE_SIGN_STYLE = Automatic;
				CURRENT_PROJECT_VERSION = 1;
				DEVELOPMENT_ASSET_PATHS = "\"conection-generic/Preview Content\"";
				DEVELOPMENT_TEAM = TPTZGCTSVC;
				ENABLE_PREVIEWS = YES;
				GENERATE_INFOPLIST_FILE = YES;
				INFOPLIST_KEY_UIApplicationSceneManifest_Generation = YES;
				INFOPLIST_KEY_UIApplicationSupportsIndirectInputEvents = YES;
				INFOPLIST_KEY_UILaunchScreen_Generation = YES;
				INFOPLIST_KEY_UISupportedInterfaceOrientations_iPad = "UIInterfaceOrientationPortrait UIInterfaceOrientationPortraitUpsideDown UIInterfaceOrientationLandscapeLeft UIInterfaceOrientationLandscapeRight";
				INFOPLIST_KEY_UISupportedInterfaceOrientations_iPhone = "UIInterfaceOrientationPortrait UIInterfaceOrientationLandscapeLeft UIInterfaceOrientationLandscapeRight";
				LD_RUNPATH_SEARCH_PATHS = (
					"$(inherited)",
					"@executable_path/Frameworks",
				);
				MARKETING_VERSION = 1.0;
				PRODUCT_BUNDLE_IDENTIFIER = "com.quanticheart.conection-generic";
				PRODUCT_NAME = "$(TARGET_NAME)";
				SWIFT_EMIT_LOC_STRINGS = YES;
				SWIFT_VERSION = 5.0;
				TARGETED_DEVICE_FAMILY = "1,2";
			};
			name = Debug;
		};
		1B221F7229BD501B00B7F51C /* Release */ = {
			isa = XCBuildConfiguration;
			buildSettings = {
				ASSETCATALOG_COMPILER_APPICON_NAME = AppIcon;
				ASSETCATALOG_COMPILER_GLOBAL_ACCENT_COLOR_NAME = AccentColor;
				CODE_SIGN_STYLE = Automatic;
				CURRENT_PROJECT_VERSION = 1;
				DEVELOPMENT_ASSET_PATHS = "\"conection-generic/Preview Content\"";
				DEVELOPMENT_TEAM = TPTZGCTSVC;
				ENABLE_PREVIEWS = YES;
				GENERATE_INFOPLIST_FILE = YES;
				INFOPLIST_KEY_UIApplicationSceneManifest_Generation = YES;
				INFOPLIST_KEY_UIApplicationSupportsIndirectInputEvents = YES;
				INFOPLIST_KEY_UILaunchScreen_Generation = YES;
				INFOPLIST_KEY_UISupportedInterfaceOrientations_iPad = "UIInterfaceOrientationPortrait UIInterfaceOrientationPortraitUpsideDown UIInterfaceOrientationLandscapeLeft UIInterfaceOrientationLandscapeRight";
				INFOPLIST_KEY_UISupportedInterfaceOrientations_iPhone = "UIInterfaceOrientationPortrait UIInterfaceOrientationLandscapeLeft UIInterfaceOrientationLandscapeRight";
				LD_RUNPATH_SEARCH_PATHS = (
					"$(inherited)",
					"@executable_path/Frameworks",
				);
				MARKETING_VERSION = 1.0;
				PRODUCT_BUNDLE_IDENTIFIER = "com.quanticheart.conection-generic";
				PRODUCT_NAME = "$(TARGET_NAME)";
				SWIFT_EMIT_LOC_STRINGS = YES;
				SWIFT_VERSION = 5.0;
				TARGETED_DEVICE_FAMILY = "1,2";
			};
			name = Release;
		};
/* End XCBuildConfiguration section */

/* Begin XCConfigurationList section */
		1B221F5D29BD501800B7F51C /* Build configuration list for PBXProject "conection-generic" */ = {
			isa = XCConfigurationList;
			buildConfigurations = (
				1B221F6E29BD501B00B7F51C /* Debug */,
				1B221F6F29BD501B00B7F51C /* Release */,
			);
			defaultConfigurationIsVisible = 0;
			defaultConfigurationName = Release;
		};
		1B221F7029BD501B00B7F51C /* Build configuration list for PBXNativeTarget "conection-generic" */ = {
			isa = XCConfigurationList;
			buildConfigurations = (
				1B221F7129BD501B00B7F51C /* Debug */,
				1B221F7229BD501B00B7F51C /* Release */,
			);
			defaultConfigurationIsVisible = 0;
			defaultConfigurationName = Release;
		};
/* End XCConfigurationList section */
	};
	rootObject = 1B221F5A29BD501800B7F51C /* Project object */;
}
